// !$*UTF8*$!
{
	archiveVersion = 1;
	classes = {
	};
	objectVersion = 46;
	objects = {

/* Begin PBXBuildFile section */
		76B5F6EF1AD6618C002C4DC0 /* main.cpp in Sources */ = {isa = PBXBuildFile; fileRef = 76B5F6EE1AD6618C002C4DC0 /* main.cpp */; };
/* End PBXBuildFile section */

/* Begin PBXCopyFilesBuildPhase section */
		76B5F6E91AD6618C002C4DC0 /* CopyFiles */ = {
			isa = PBXCopyFilesBuildPhase;
			buildActionMask = 2147483647;
			dstPath = /usr/share/man/man1/;
			dstSubfolderSpec = 0;
			files = (
			);
			runOnlyForDeploymentPostprocessing = 1;
		};
/* End PBXCopyFilesBuildPhase section */

/* Begin PBXFileReference section */
		769ED6CC1AD95CB90081D410 /* tree.h */ = {isa = PBXFileReference; lastKnownFileType = sourcecode.c.h; path = tree.h; sourceTree = "<group>"; };
		76B5F6EB1AD6618C002C4DC0 /* BinaryTree2Forest */ = {isa = PBXFileReference; explicitFileType = "compiled.mach-o.executable"; includeInIndex = 0; path = BinaryTree2Forest; sourceTree = BUILT_PRODUCTS_DIR; };
		76B5F6EE1AD6618C002C4DC0 /* main.cpp */ = {isa = PBXFileReference; lastKnownFileType = sourcecode.cpp.cpp; path = main.cpp; sourceTree = "<group>"; };
/* End PBXFileReference section */

/* Begin PBXFrameworksBuildPhase section */
		76B5F6E81AD6618C002C4DC0 /* Frameworks */ = {
			isa = PBXFrameworksBuildPhase;
			buildActionMask = 2147483647;
			files = (
			);
			runOnlyForDeploymentPostprocessing = 0;
		};
/* End PBXFrameworksBuildPhase section */

/* Begin PBXGroup section */
		76B5F6E21AD6618C002C4DC0 = {
			isa = PBXGroup;
			children = (
				76B5F6ED1AD6618C002C4DC0 /* BinaryTree2Forest */,
				76B5F6EC1AD6618C002C4DC0 /* Products */,
			);
			sourceTree = "<group>";
		};
		76B5F6EC1AD6618C002C4DC0 /* Products */ = {
			isa = PBXGroup;
			children = (
				76B5F6EB1AD6618C002C4DC0 /* BinaryTree2Forest */,
			);
			name = Products;
			sourceTree = "<group>";
		};
		76B5F6ED1AD6618C002C4DC0 /* BinaryTree2Forest */ = {
			isa = PBXGroup;
			children = (
				76B5F6EE1AD6618C002C4DC0 /* main.cpp */,
				769ED6CC1AD95CB90081D410 /* tree.h */,
			);
			path = BinaryTree2Forest;
			sourceTree = "<group>";
		};
/* End PBXGroup section */

/* Begin PBXNativeTarget section */
		76B5F6EA1AD6618C002C4DC0 /* BinaryTree2Forest */ = {
			isa = PBXNativeTarget;
			buildConfigurationList = 76B5F6F21AD6618C002C4DC0 /* Build configuration list for PBXNativeTarget "BinaryTree2Forest" */;
			buildPhases = (
				76B5F6E71AD6618C002C4DC0 /* Sources */,
				76B5F6E81AD6618C002C4DC0 /* Frameworks */,
				76B5F6E91AD6618C002C4DC0 /* CopyFiles */,
			);
			buildRules = (
			);
			dependencies = (
			);
			name = BinaryTree2Forest;
			productName = BinaryTree2Forest;
			productReference = 76B5F6EB1AD6618C002C4DC0 /* BinaryTree2Forest */;
			productType = "com.apple.product-type.tool";
		};
/* End PBXNativeTarget section */

/* Begin PBXProject section */
		76B5F6E31AD6618C002C4DC0 /* Project object */ = {
			isa = PBXProject;
			attributes = {
				LastUpgradeCheck = 0620;
				ORGANIZATIONNAME = "杨志飞";
				TargetAttributes = {
					76B5F6EA1AD6618C002C4DC0 = {
						CreatedOnToolsVersion = 6.2;
					};
				};
			};
			buildConfigurationList = 76B5F6E61AD6618C002C4DC0 /* Build configuration list for PBXProject "BinaryTree2Forest" */;
			compatibilityVersion = "Xcode 3.2";
			developmentRegion = English;
			hasScannedForEncodings = 0;
			knownRegions = (
				en,
			);
			mainGroup = 76B5F6E21AD6618C002C4DC0;
			productRefGroup = 76B5F6EC1AD6618C002C4DC0 /* Products */;
			projectDirPath = "";
			projectRoot = "";
			targets = (
				76B5F6EA1AD6618C002C4DC0 /* BinaryTree2Forest */,
			);
		};
/* End PBXProject section */

/* Begin PBXSourcesBuildPhase section */
		76B5F6E71AD6618C002C4DC0 /* Sources */ = {
			isa = PBXSourcesBuildPhase;
			buildActionMask = 2147483647;
			files = (
				76B5F6EF1AD6618C002C4DC0 /* main.cpp in Sources */,
			);
			runOnlyForDeploymentPostprocessing = 0;
		};
/* End PBXSourcesBuildPhase section */

/* Begin XCBuildConfiguration section */
		76B5F6F01AD6618C002C4DC0 /* Debug */ = {
			isa = XCBuildConfiguration;
			buildSettings = {
				ALWAYS_SEARCH_USER_PATHS = NO;
				CLANG_CXX_LANGUAGE_STANDARD = "gnu++0x";
				CLANG_CXX_LIBRARY = "libc++";
				CLANG_ENABLE_MODULES = YES;
				CLANG_ENABLE_OBJC_ARC = YES;
				CLANG_WARN_BOOL_CONVERSION = YES;
				CLANG_WARN_CONSTANT_CONVERSION = YES;
				CLANG_WARN_DIRECT_OBJC_ISA_USAGE = YES_ERROR;
				CLANG_WARN_EMPTY_BODY = YES;
				CLANG_WARN_ENUM_CONVERSION = YES;
				CLANG_WARN_INT_CONVERSION = YES;
				CLANG_WARN_OBJC_ROOT_CLASS = YES_ERROR;
				CLANG_WARN_UNREACHABLE_CODE = YES;
				CLANG_WARN__DUPLICATE_METHOD_MATCH = YES;
				COPY_PHASE_STRIP = NO;
				ENABLE_STRICT_OBJC_MSGSEND = YES;
				GCC_C_LANGUAGE_STANDARD = gnu99;
				GCC_DYNAMIC_NO_PIC = NO;
				GCC_OPTIMIZATION_LEVEL = 0;
				GCC_PREPROCESSOR_DEFINITIONS = (
					"DEBUG=1",
					"$(inherited)",
				);
				GCC_SYMBOLS_PRIVATE_EXTERN = NO;
				GCC_WARN_64_TO_32_BIT_CONVERSION = YES;
				GCC_WARN_ABOUT_RETURN_TYPE = YES_ERROR;
				GCC_WARN_UNDECLARED_SELECTOR = YES;
				GCC_WARN_UNINITIALIZED_AUTOS = YES_AGGRESSIVE;
				GCC_WARN_UNUSED_FUNCTION = YES;
				GCC_WARN_UNUSED_VARIABLE = YES;
				MACOSX_DEPLOYMENT_TARGET = 10.10;
				MTL_ENABLE_DEBUG_INFO = YES;
				ONLY_ACTIVE_ARCH = YES;
				SDKROOT = macosx;
			};
			name = Debug;
		};
		76B5F6F11AD6618C002C4DC0 /* Release */ = {
			isa = XCBuildConfiguration;
			buildSettings = {
				ALWAYS_SEARCH_USER_PATHS = NO;
				CLANG_CXX_LANGUAGE_STANDARD = "gnu++0x";
				CLANG_CXX_LIBRARY = "libc++";
				CLANG_ENABLE_MODULES = YES;
				CLANG_ENABLE_OBJC_ARC = YES;
				CLANG_WARN_BOOL_CONVERSION = YES;
				CLANG_WARN_CONSTANT_CONVERSION = YES;
				CLANG_WARN_DIRECT_OBJC_ISA_USAGE = YES_ERROR;
				CLANG_WARN_EMPTY_BODY = YES;
				CLANG_WARN_ENUM_CONVERSION = YES;
				CLANG_WARN_INT_CONVERSION = YES;
				CLANG_WARN_OBJC_ROOT_CLASS = YES_ERROR;
				CLANG_WARN_UNREACHABLE_CODE = YES;
				CLANG_WARN__DUPLICATE_METHOD_MATCH = YES;
				COPY_PHASE_STRIP = NO;
				DEBUG_INFORMATION_FORMAT = "dwarf-with-dsym";
				ENABLE_NS_ASSERTIONS = NO;
				ENABLE_STRICT_OBJC_MSGSEND = YES;
				GCC_C_LANGUAGE_STANDARD = gnu99;
				GCC_WARN_64_TO_32_BIT_CONVERSION = YES;
				GCC_WARN_ABOUT_RETURN_TYPE = YES_ERROR;
				GCC_WARN_UNDECLARED_SELECTOR = YES;
				GCC_WARN_UNINITIALIZED_AUTOS = YES_AGGRESSIVE;
				GCC_WARN_UNUSED_FUNCTION = YES;
				GCC_WARN_UNUSED_VARIABLE = YES;
				MACOSX_DEPLOYMENT_TARGET = 10.10;
				MTL_ENABLE_DEBUG_INFO = NO;
				SDKROOT = macosx;
			};
			name = Release;
		};
		76B5F6F31AD6618C002C4DC0 /* Debug */ = {
			isa = XCBuildConfiguration;
			buildSettings = {
				PRODUCT_NAME = "$(TARGET_NAME)";
			};
			name = Debug;
		};
		76B5F6F41AD6618C002C4DC0 /* Release */ = {
			isa = XCBuildConfiguration;
			buildSettings = {
				PRODUCT_NAME = "$(TARGET_NAME)";
			};
			name = Release;
		};
/* End XCBuildConfiguration section */

/* Begin XCConfigurationList section */
		76B5F6E61AD6618C002C4DC0 /* Build configuration list for PBXProject "BinaryTree2Forest" */ = {
			isa = XCConfigurationList;
			buildConfigurations = (
				76B5F6F01AD6618C002C4DC0 /* Debug */,
				76B5F6F11AD6618C002C4DC0 /* Release */,
			);
			defaultConfigurationIsVisible = 0;
			defaultConfigurationName = Release;
		};
		76B5F6F21AD6618C002C4DC0 /* Build configuration list for PBXNativeTarget "BinaryTree2Forest" */ = {
			isa = XCConfigurationList;
			buildConfigurations = (
				76B5F6F31AD6618C002C4DC0 /* Debug */,
				76B5F6F41AD6618C002C4DC0 /* Release */,
			);
			defaultConfigurationIsVisible = 0;
			defaultConfigurationName = Release;
		};
/* End XCConfigurationList section */
	};
	rootObject = 76B5F6E31AD6618C002C4DC0 /* Project object */;
}
