// !$*UTF8*$!
{
	archiveVersion = 1;
	classes = {
	};
	objectVersion = 46;
	objects = {

/* Begin PBXBuildFile section */
		7651B13B1AB86FA8003E40DF /* main.cpp in Sources */ = {isa = PBXBuildFile; fileRef = 7651B13A1AB86FA8003E40DF /* main.cpp */; };
/* End PBXBuildFile section */

/* Begin PBXCopyFilesBuildPhase section */
		7651B1351AB86FA8003E40DF /* CopyFiles */ = {
			isa = PBXCopyFilesBuildPhase;
			buildActionMask = 2147483647;
			dstPath = /usr/share/man/man1/;
			dstSubfolderSpec = 0;
			files = (
			);
			runOnlyForDeploymentPostprocessing = 1;
		};
/* End PBXCopyFilesBuildPhase section */

/* Begin PBXFileReference section */
		7651B1371AB86FA8003E40DF /* SparseMatrix */ = {isa = PBXFileReference; explicitFileType = "compiled.mach-o.executable"; includeInIndex = 0; path = SparseMatrix; sourceTree = BUILT_PRODUCTS_DIR; };
		7651B13A1AB86FA8003E40DF /* main.cpp */ = {isa = PBXFileReference; lastKnownFileType = sourcecode.cpp.cpp; path = main.cpp; sourceTree = "<group>"; };
/* End PBXFileReference section */

/* Begin PBXFrameworksBuildPhase section */
		7651B1341AB86FA8003E40DF /* Frameworks */ = {
			isa = PBXFrameworksBuildPhase;
			buildActionMask = 2147483647;
			files = (
			);
			runOnlyForDeploymentPostprocessing = 0;
		};
/* End PBXFrameworksBuildPhase section */

/* Begin PBXGroup section */
		7651B12E1AB86FA8003E40DF = {
			isa = PBXGroup;
			children = (
				7651B1391AB86FA8003E40DF /* SparseMatrix */,
				7651B1381AB86FA8003E40DF /* Products */,
			);
			sourceTree = "<group>";
		};
		7651B1381AB86FA8003E40DF /* Products */ = {
			isa = PBXGroup;
			children = (
				7651B1371AB86FA8003E40DF /* SparseMatrix */,
			);
			name = Products;
			sourceTree = "<group>";
		};
		7651B1391AB86FA8003E40DF /* SparseMatrix */ = {
			isa = PBXGroup;
			children = (
				7651B13A1AB86FA8003E40DF /* main.cpp */,
			);
			path = SparseMatrix;
			sourceTree = "<group>";
		};
/* End PBXGroup section */

/* Begin PBXNativeTarget section */
		7651B1361AB86FA8003E40DF /* SparseMatrix */ = {
			isa = PBXNativeTarget;
			buildConfigurationList = 7651B13E1AB86FA8003E40DF /* Build configuration list for PBXNativeTarget "SparseMatrix" */;
			buildPhases = (
				7651B1331AB86FA8003E40DF /* Sources */,
				7651B1341AB86FA8003E40DF /* Frameworks */,
				7651B1351AB86FA8003E40DF /* CopyFiles */,
			);
			buildRules = (
			);
			dependencies = (
			);
			name = SparseMatrix;
			productName = SparseMatrix;
			productReference = 7651B1371AB86FA8003E40DF /* SparseMatrix */;
			productType = "com.apple.product-type.tool";
		};
/* End PBXNativeTarget section */

/* Begin PBXProject section */
		7651B12F1AB86FA8003E40DF /* Project object */ = {
			isa = PBXProject;
			attributes = {
				LastUpgradeCheck = 0620;
				ORGANIZATIONNAME = "杨志飞";
				TargetAttributes = {
					7651B1361AB86FA8003E40DF = {
						CreatedOnToolsVersion = 6.2;
					};
				};
			};
			buildConfigurationList = 7651B1321AB86FA8003E40DF /* Build configuration list for PBXProject "SparseMatrix" */;
			compatibilityVersion = "Xcode 3.2";
			developmentRegion = English;
			hasScannedForEncodings = 0;
			knownRegions = (
				en,
			);
			mainGroup = 7651B12E1AB86FA8003E40DF;
			productRefGroup = 7651B1381AB86FA8003E40DF /* Products */;
			projectDirPath = "";
			projectRoot = "";
			targets = (
				7651B1361AB86FA8003E40DF /* SparseMatrix */,
			);
		};
/* End PBXProject section */

/* Begin PBXSourcesBuildPhase section */
		7651B1331AB86FA8003E40DF /* Sources */ = {
			isa = PBXSourcesBuildPhase;
			buildActionMask = 2147483647;
			files = (
				7651B13B1AB86FA8003E40DF /* main.cpp in Sources */,
			);
			runOnlyForDeploymentPostprocessing = 0;
		};
/* End PBXSourcesBuildPhase section */

/* Begin XCBuildConfiguration section */
		7651B13C1AB86FA8003E40DF /* Debug */ = {
			isa = XCBuildConfiguration;
			buildSettings = {
				ALWAYS_SEARCH_USER_PATHS = NO;
				CLANG_CXX_LANGUAGE_STANDARD = "gnu++0x";
				CLANG_CXX_LIBRARY = "libc++";
				CLANG_ENABLE_MODULES = YES;
				CLANG_ENABLE_OBJC_ARC = YES;
				CLANG_WARN_BOOL_CONVERSION = YES;
				CLANG_WARN_CONSTANT_CONVERSION = YES;
				CLANG_WARN_DIRECT_OBJC_ISA_USAGE = YES_ERROR;
				CLANG_WARN_EMPTY_BODY = YES;
				CLANG_WARN_ENUM_CONVERSION = YES;
				CLANG_WARN_INT_CONVERSION = YES;
				CLANG_WARN_OBJC_ROOT_CLASS = YES_ERROR;
				CLANG_WARN_UNREACHABLE_CODE = YES;
				CLANG_WARN__DUPLICATE_METHOD_MATCH = YES;
				COPY_PHASE_STRIP = NO;
				ENABLE_STRICT_OBJC_MSGSEND = YES;
				GCC_C_LANGUAGE_STANDARD = gnu99;
				GCC_DYNAMIC_NO_PIC = NO;
				GCC_OPTIMIZATION_LEVEL = 0;
				GCC_PREPROCESSOR_DEFINITIONS = (
					"DEBUG=1",
					"$(inherited)",
				);
				GCC_SYMBOLS_PRIVATE_EXTERN = NO;
				GCC_WARN_64_TO_32_BIT_CONVERSION = YES;
				GCC_WARN_ABOUT_RETURN_TYPE = YES_ERROR;
				GCC_WARN_UNDECLARED_SELECTOR = YES;
				GCC_WARN_UNINITIALIZED_AUTOS = YES_AGGRESSIVE;
				GCC_WARN_UNUSED_FUNCTION = YES;
				GCC_WARN_UNUSED_VARIABLE = YES;
				MACOSX_DEPLOYMENT_TARGET = 10.10;
				MTL_ENABLE_DEBUG_INFO = YES;
				ONLY_ACTIVE_ARCH = YES;
				SDKROOT = macosx;
			};
			name = Debug;
		};
		7651B13D1AB86FA8003E40DF /* Release */ = {
			isa = XCBuildConfiguration;
			buildSettings = {
				ALWAYS_SEARCH_USER_PATHS = NO;
				CLANG_CXX_LANGUAGE_STANDARD = "gnu++0x";
				CLANG_CXX_LIBRARY = "libc++";
				CLANG_ENABLE_MODULES = YES;
				CLANG_ENABLE_OBJC_ARC = YES;
				CLANG_WARN_BOOL_CONVERSION = YES;
				CLANG_WARN_CONSTANT_CONVERSION = YES;
				CLANG_WARN_DIRECT_OBJC_ISA_USAGE = YES_ERROR;
				CLANG_WARN_EMPTY_BODY = YES;
				CLANG_WARN_ENUM_CONVERSION = YES;
				CLANG_WARN_INT_CONVERSION = YES;
				CLANG_WARN_OBJC_ROOT_CLASS = YES_ERROR;
				CLANG_WARN_UNREACHABLE_CODE = YES;
				CLANG_WARN__DUPLICATE_METHOD_MATCH = YES;
				COPY_PHASE_STRIP = NO;
				DEBUG_INFORMATION_FORMAT = "dwarf-with-dsym";
				ENABLE_NS_ASSERTIONS = NO;
				ENABLE_STRICT_OBJC_MSGSEND = YES;
				GCC_C_LANGUAGE_STANDARD = gnu99;
				GCC_WARN_64_TO_32_BIT_CONVERSION = YES;
				GCC_WARN_ABOUT_RETURN_TYPE = YES_ERROR;
				GCC_WARN_UNDECLARED_SELECTOR = YES;
				GCC_WARN_UNINITIALIZED_AUTOS = YES_AGGRESSIVE;
				GCC_WARN_UNUSED_FUNCTION = YES;
				GCC_WARN_UNUSED_VARIABLE = YES;
				MACOSX_DEPLOYMENT_TARGET = 10.10;
				MTL_ENABLE_DEBUG_INFO = NO;
				SDKROOT = macosx;
			};
			name = Release;
		};
		7651B13F1AB86FA8003E40DF /* Debug */ = {
			isa = XCBuildConfiguration;
			buildSettings = {
				PRODUCT_NAME = "$(TARGET_NAME)";
			};
			name = Debug;
		};
		7651B1401AB86FA8003E40DF /* Release */ = {
			isa = XCBuildConfiguration;
			buildSettings = {
				PRODUCT_NAME = "$(TARGET_NAME)";
			};
			name = Release;
		};
/* End XCBuildConfiguration section */

/* Begin XCConfigurationList section */
		7651B1321AB86FA8003E40DF /* Build configuration list for PBXProject "SparseMatrix" */ = {
			isa = XCConfigurationList;
			buildConfigurations = (
				7651B13C1AB86FA8003E40DF /* Debug */,
				7651B13D1AB86FA8003E40DF /* Release */,
			);
			defaultConfigurationIsVisible = 0;
			defaultConfigurationName = Release;
		};
		7651B13E1AB86FA8003E40DF /* Build configuration list for PBXNativeTarget "SparseMatrix" */ = {
			isa = XCConfigurationList;
			buildConfigurations = (
				7651B13F1AB86FA8003E40DF /* Debug */,
				7651B1401AB86FA8003E40DF /* Release */,
			);
			defaultConfigurationIsVisible = 0;
		};
/* End XCConfigurationList section */
	};
	rootObject = 7651B12F1AB86FA8003E40DF /* Project object */;
}
