// !$*UTF8*$!
{
	archiveVersion = 1;
	classes = {
	};
	objectVersion = 46;
	objects = {

/* Begin PBXBuildFile section */
		76084AE31B1EE3B700F2B94D /* main.cpp in Sources */ = {isa = PBXBuildFile; fileRef = 76084AE21B1EE3B700F2B94D /* main.cpp */; };
/* End PBXBuildFile section */

/* Begin PBXCopyFilesBuildPhase section */
		76084ADD1B1EE3B700F2B94D /* CopyFiles */ = {
			isa = PBXCopyFilesBuildPhase;
			buildActionMask = 2147483647;
			dstPath = /usr/share/man/man1/;
			dstSubfolderSpec = 0;
			files = (
			);
			runOnlyForDeploymentPostprocessing = 1;
		};
/* End PBXCopyFilesBuildPhase section */

/* Begin PBXFileReference section */
		76084ADF1B1EE3B700F2B94D /* ExprTreeCal */ = {isa = PBXFileReference; explicitFileType = "compiled.mach-o.executable"; includeInIndex = 0; path = ExprTreeCal; sourceTree = BUILT_PRODUCTS_DIR; };
		76084AE21B1EE3B700F2B94D /* main.cpp */ = {isa = PBXFileReference; lastKnownFileType = sourcecode.cpp.cpp; path = main.cpp; sourceTree = "<group>"; };
/* End PBXFileReference section */

/* Begin PBXFrameworksBuildPhase section */
		76084ADC1B1EE3B700F2B94D /* Frameworks */ = {
			isa = PBXFrameworksBuildPhase;
			buildActionMask = 2147483647;
			files = (
			);
			runOnlyForDeploymentPostprocessing = 0;
		};
/* End PBXFrameworksBuildPhase section */

/* Begin PBXGroup section */
		76084AD61B1EE3B700F2B94D = {
			isa = PBXGroup;
			children = (
				76084AE11B1EE3B700F2B94D /* ExprTreeCal */,
				76084AE01B1EE3B700F2B94D /* Products */,
			);
			sourceTree = "<group>";
		};
		76084AE01B1EE3B700F2B94D /* Products */ = {
			isa = PBXGroup;
			children = (
				76084ADF1B1EE3B700F2B94D /* ExprTreeCal */,
			);
			name = Products;
			sourceTree = "<group>";
		};
		76084AE11B1EE3B700F2B94D /* ExprTreeCal */ = {
			isa = PBXGroup;
			children = (
				76084AE21B1EE3B700F2B94D /* main.cpp */,
			);
			path = ExprTreeCal;
			sourceTree = "<group>";
		};
/* End PBXGroup section */

/* Begin PBXNativeTarget section */
		76084ADE1B1EE3B700F2B94D /* ExprTreeCal */ = {
			isa = PBXNativeTarget;
			buildConfigurationList = 76084AE61B1EE3B700F2B94D /* Build configuration list for PBXNativeTarget "ExprTreeCal" */;
			buildPhases = (
				76084ADB1B1EE3B700F2B94D /* Sources */,
				76084ADC1B1EE3B700F2B94D /* Frameworks */,
				76084ADD1B1EE3B700F2B94D /* CopyFiles */,
			);
			buildRules = (
			);
			dependencies = (
			);
			name = ExprTreeCal;
			productName = ExprTreeCal;
			productReference = 76084ADF1B1EE3B700F2B94D /* ExprTreeCal */;
			productType = "com.apple.product-type.tool";
		};
/* End PBXNativeTarget section */

/* Begin PBXProject section */
		76084AD71B1EE3B700F2B94D /* Project object */ = {
			isa = PBXProject;
			attributes = {
				LastUpgradeCheck = 0630;
				ORGANIZATIONNAME = "杨志飞";
				TargetAttributes = {
					76084ADE1B1EE3B700F2B94D = {
						CreatedOnToolsVersion = 6.3.1;
					};
				};
			};
			buildConfigurationList = 76084ADA1B1EE3B700F2B94D /* Build configuration list for PBXProject "ExprTreeCal" */;
			compatibilityVersion = "Xcode 3.2";
			developmentRegion = English;
			hasScannedForEncodings = 0;
			knownRegions = (
				en,
			);
			mainGroup = 76084AD61B1EE3B700F2B94D;
			productRefGroup = 76084AE01B1EE3B700F2B94D /* Products */;
			projectDirPath = "";
			projectRoot = "";
			targets = (
				76084ADE1B1EE3B700F2B94D /* ExprTreeCal */,
			);
		};
/* End PBXProject section */

/* Begin PBXSourcesBuildPhase section */
		76084ADB1B1EE3B700F2B94D /* Sources */ = {
			isa = PBXSourcesBuildPhase;
			buildActionMask = 2147483647;
			files = (
				76084AE31B1EE3B700F2B94D /* main.cpp in Sources */,
			);
			runOnlyForDeploymentPostprocessing = 0;
		};
/* End PBXSourcesBuildPhase section */

/* Begin XCBuildConfiguration section */
		76084AE41B1EE3B700F2B94D /* Debug */ = {
			isa = XCBuildConfiguration;
			buildSettings = {
				ALWAYS_SEARCH_USER_PATHS = NO;
				CLANG_CXX_LANGUAGE_STANDARD = "gnu++0x";
				CLANG_CXX_LIBRARY = "libc++";
				CLANG_ENABLE_MODULES = YES;
				CLANG_ENABLE_OBJC_ARC = YES;
				CLANG_WARN_BOOL_CONVERSION = YES;
				CLANG_WARN_CONSTANT_CONVERSION = YES;
				CLANG_WARN_DIRECT_OBJC_ISA_USAGE = YES_ERROR;
				CLANG_WARN_EMPTY_BODY = YES;
				CLANG_WARN_ENUM_CONVERSION = YES;
				CLANG_WARN_INT_CONVERSION = YES;
				CLANG_WARN_OBJC_ROOT_CLASS = YES_ERROR;
				CLANG_WARN_UNREACHABLE_CODE = YES;
				CLANG_WARN__DUPLICATE_METHOD_MATCH = YES;
				COPY_PHASE_STRIP = NO;
				DEBUG_INFORMATION_FORMAT = dwarf;
				ENABLE_STRICT_OBJC_MSGSEND = YES;
				GCC_C_LANGUAGE_STANDARD = gnu99;
				GCC_DYNAMIC_NO_PIC = NO;
				GCC_NO_COMMON_BLOCKS = YES;
				GCC_OPTIMIZATION_LEVEL = 0;
				GCC_PREPROCESSOR_DEFINITIONS = (
					"DEBUG=1",
					"$(inherited)",
				);
				GCC_SYMBOLS_PRIVATE_EXTERN = NO;
				GCC_WARN_64_TO_32_BIT_CONVERSION = YES;
				GCC_WARN_ABOUT_RETURN_TYPE = YES_ERROR;
				GCC_WARN_UNDECLARED_SELECTOR = YES;
				GCC_WARN_UNINITIALIZED_AUTOS = YES_AGGRESSIVE;
				GCC_WARN_UNUSED_FUNCTION = YES;
				GCC_WARN_UNUSED_VARIABLE = YES;
				MACOSX_DEPLOYMENT_TARGET = 10.10;
				MTL_ENABLE_DEBUG_INFO = YES;
				ONLY_ACTIVE_ARCH = YES;
				SDKROOT = macosx;
			};
			name = Debug;
		};
		76084AE51B1EE3B700F2B94D /* Release */ = {
			isa = XCBuildConfiguration;
			buildSettings = {
				ALWAYS_SEARCH_USER_PATHS = NO;
				CLANG_CXX_LANGUAGE_STANDARD = "gnu++0x";
				CLANG_CXX_LIBRARY = "libc++";
				CLANG_ENABLE_MODULES = YES;
				CLANG_ENABLE_OBJC_ARC = YES;
				CLANG_WARN_BOOL_CONVERSION = YES;
				CLANG_WARN_CONSTANT_CONVERSION = YES;
				CLANG_WARN_DIRECT_OBJC_ISA_USAGE = YES_ERROR;
				CLANG_WARN_EMPTY_BODY = YES;
				CLANG_WARN_ENUM_CONVERSION = YES;
				CLANG_WARN_INT_CONVERSION = YES;
				CLANG_WARN_OBJC_ROOT_CLASS = YES_ERROR;
				CLANG_WARN_UNREACHABLE_CODE = YES;
				CLANG_WARN__DUPLICATE_METHOD_MATCH = YES;
				COPY_PHASE_STRIP = NO;
				DEBUG_INFORMATION_FORMAT = "dwarf-with-dsym";
				ENABLE_NS_ASSERTIONS = NO;
				ENABLE_STRICT_OBJC_MSGSEND = YES;
				GCC_C_LANGUAGE_STANDARD = gnu99;
				GCC_NO_COMMON_BLOCKS = YES;
				GCC_WARN_64_TO_32_BIT_CONVERSION = YES;
				GCC_WARN_ABOUT_RETURN_TYPE = YES_ERROR;
				GCC_WARN_UNDECLARED_SELECTOR = YES;
				GCC_WARN_UNINITIALIZED_AUTOS = YES_AGGRESSIVE;
				GCC_WARN_UNUSED_FUNCTION = YES;
				GCC_WARN_UNUSED_VARIABLE = YES;
				MACOSX_DEPLOYMENT_TARGET = 10.10;
				MTL_ENABLE_DEBUG_INFO = NO;
				SDKROOT = macosx;
			};
			name = Release;
		};
		76084AE71B1EE3B700F2B94D /* Debug */ = {
			isa = XCBuildConfiguration;
			buildSettings = {
				PRODUCT_NAME = "$(TARGET_NAME)";
			};
			name = Debug;
		};
		76084AE81B1EE3B700F2B94D /* Release */ = {
			isa = XCBuildConfiguration;
			buildSettings = {
				PRODUCT_NAME = "$(TARGET_NAME)";
			};
			name = Release;
		};
/* End XCBuildConfiguration section */

/* Begin XCConfigurationList section */
		76084ADA1B1EE3B700F2B94D /* Build configuration list for PBXProject "ExprTreeCal" */ = {
			isa = XCConfigurationList;
			buildConfigurations = (
				76084AE41B1EE3B700F2B94D /* Debug */,
				76084AE51B1EE3B700F2B94D /* Release */,
			);
			defaultConfigurationIsVisible = 0;
			defaultConfigurationName = Release;
		};
		76084AE61B1EE3B700F2B94D /* Build configuration list for PBXNativeTarget "ExprTreeCal" */ = {
			isa = XCConfigurationList;
			buildConfigurations = (
				76084AE71B1EE3B700F2B94D /* Debug */,
				76084AE81B1EE3B700F2B94D /* Release */,
			);
			defaultConfigurationIsVisible = 0;
		};
/* End XCConfigurationList section */
	};
	rootObject = 76084AD71B1EE3B700F2B94D /* Project object */;
}
